
Microsoft Visual Studio Solution File, Format Version 12.00
# Visual Studio Version 17
VisualStudioVersion = 17.12.35707.178
MinimumVisualStudioVersion = 10.0.40219.1
Project("{FAE04EC0-301F-11D3-BF4B-00C04F79EFBC}") = "LeaveManagementSystem", "LeaveManagementSystem\LeaveManagementSystem.csproj", "{448DB318-058D-4526-8659-F46F70EC7038}"
EndProject
Global
	GlobalSection(SolutionConfigurationPlatforms) = preSolution
		Debug|Any CPU = Debug|Any CPU
		Release|Any CPU = Release|Any CPU
	EndGlobalSection
	GlobalSection(ProjectConfigurationPlatforms) = postSolution
		{448DB318-058D-4526-8659-F46F70EC7038}.Debug|Any CPU.ActiveCfg = Debug|Any CPU
		{448DB318-058D-4526-8659-F46F70EC7038}.Debug|Any CPU.Build.0 = Debug|Any CPU
		{448DB318-058D-4526-8659-F46F70EC7038}.Release|Any CPU.ActiveCfg = Release|Any CPU
		{448DB318-058D-4526-8659-F46F70EC7038}.Release|Any CPU.Build.0 = Release|Any CPU
	EndGlobalSection
	GlobalSection(SolutionProperties) = preSolution
		HideSolutionNode = FALSE
	EndGlobalSection
EndGlobal
